lockfileVersion: 5.4

importers:

  .:
    specifiers:
      '@types/node': ^18.11.18
      '@vitejs/plugin-vue': ^4.0.0
      sass: ^1.57.1
      typescript: ^4.9.3
      vite: ^4.0.0
      vitest: ^0.27.1
      vue: ^3.2.45
      vue-tsc: ^1.0.11
    devDependencies:
      '@types/node': 18.11.18
      '@vitejs/plugin-vue': 4.0.0_vite@4.0.4+vue@3.2.45
      sass: 1.57.1
      typescript: 4.9.4
      vite: 4.0.4_ovmyjmuuyckt3r3gpaexj2onji
      vitest: 0.27.1_sass@1.57.1
      vue: 3.2.45
      vue-tsc: 1.0.24_typescript@4.9.4

  docs:
    specifiers:
      axios: ^1.2.2
      lodash: ^4.17.21
      vue: ^3.2.45
      vue-router: ^4.1.6
      vue-search-select: workspace:*
    devDependencies:
      axios: 1.2.2
      lodash: 4.17.21
      vue: 3.2.45
      vue-router: 4.1.6_vue@3.2.45
      vue-search-select: link:../libs

  libs:
    specifiers: {}

packages:

  /@babel/helper-string-parser/7.19.4:
    resolution: {integrity: sha512-nHtDoQcuqFmwYNYPz3Rah5ph2p8PFeFCsZk9A/48dPc/rGocJ5J3hAAZ7pb76VWX3fZKu+uEr/FhH5jLx7umrw==}
    engines: {node: '>=6.9.0'}
    dev: true

  /@babel/helper-validator-identifier/7.19.1:
    resolution: {integrity: sha512-awrNfaMtnHUr653GgGEs++LlAvW6w+DcPrOliSMXWCKo597CwL5Acf/wWdNkf/tfEQE3mjkeD1YOVZOUV/od1w==}
    engines: {node: '>=6.9.0'}
    dev: true

  /@babel/parser/7.20.7:
    resolution: {integrity: sha512-T3Z9oHybU+0vZlY9CiDSJQTD5ZapcW18ZctFMi0MOAl/4BjFF4ul7NVSARLdbGO5vDqy9eQiGTV0LtKfvCYvcg==}
    engines: {node: '>=6.0.0'}
    hasBin: true
    dependencies:
      '@babel/types': 7.20.7
    dev: true

  /@babel/types/7.20.7:
    resolution: {integrity: sha512-69OnhBxSSgK0OzTJai4kyPDiKTIe3j+ctaHdIGVbRahTLAT7L3R9oeXHC2aVSuGYt3cVnoAMDmOCgJ2yaiLMvg==}
    engines: {node: '>=6.9.0'}
    dependencies:
      '@babel/helper-string-parser': 7.19.4
      '@babel/helper-validator-identifier': 7.19.1
      to-fast-properties: 2.0.0
    dev: true

  /@esbuild/android-arm/0.16.17:
    resolution: {integrity: sha512-N9x1CMXVhtWEAMS7pNNONyA14f71VPQN9Cnavj1XQh6T7bskqiLLrSca4O0Vr8Wdcga943eThxnVp3JLnBMYtw==}
    engines: {node: '>=12'}
    cpu: [arm]
    os: [android]
    requiresBuild: true
    dev: true
    optional: true

  /@esbuild/android-arm64/0.16.17:
    resolution: {integrity: sha512-MIGl6p5sc3RDTLLkYL1MyL8BMRN4tLMRCn+yRJJmEDvYZ2M7tmAf80hx1kbNEUX2KJ50RRtxZ4JHLvCfuB6kBg==}
    engines: {node: '>=12'}
    cpu: [arm64]
    os: [android]
    requiresBuild: true
    dev: true
    optional: true

  /@esbuild/android-x64/0.16.17:
    resolution: {integrity: sha512-a3kTv3m0Ghh4z1DaFEuEDfz3OLONKuFvI4Xqczqx4BqLyuFaFkuaG4j2MtA6fuWEFeC5x9IvqnX7drmRq/fyAQ==}
    engines: {node: '>=12'}
    cpu: [x64]
    os: [android]
    requiresBuild: true
    dev: true
    optional: true

  /@esbuild/darwin-arm64/0.16.17:
    resolution: {integrity: sha512-/2agbUEfmxWHi9ARTX6OQ/KgXnOWfsNlTeLcoV7HSuSTv63E4DqtAc+2XqGw1KHxKMHGZgbVCZge7HXWX9Vn+w==}
    engines: {node: '>=12'}
    cpu: [arm64]
    os: [darwin]
    requiresBuild: true
    dev: true
    optional: true

  /@esbuild/darwin-x64/0.16.17:
    resolution: {integrity: sha512-2By45OBHulkd9Svy5IOCZt376Aa2oOkiE9QWUK9fe6Tb+WDr8hXL3dpqi+DeLiMed8tVXspzsTAvd0jUl96wmg==}
    engines: {node: '>=12'}
    cpu: [x64]
    os: [darwin]
    requiresBuild: true
    dev: true
    optional: true

  /@esbuild/freebsd-arm64/0.16.17:
    resolution: {integrity: sha512-mt+cxZe1tVx489VTb4mBAOo2aKSnJ33L9fr25JXpqQqzbUIw/yzIzi+NHwAXK2qYV1lEFp4OoVeThGjUbmWmdw==}
    engines: {node: '>=12'}
    cpu: [arm64]
    os: [freebsd]
    requiresBuild: true
    dev: true
    optional: true

  /@esbuild/freebsd-x64/0.16.17:
    resolution: {integrity: sha512-8ScTdNJl5idAKjH8zGAsN7RuWcyHG3BAvMNpKOBaqqR7EbUhhVHOqXRdL7oZvz8WNHL2pr5+eIT5c65kA6NHug==}
    engines: {node: '>=12'}
    cpu: [x64]
    os: [freebsd]
    requiresBuild: true
    dev: true
    optional: true

  /@esbuild/linux-arm/0.16.17:
    resolution: {integrity: sha512-iihzrWbD4gIT7j3caMzKb/RsFFHCwqqbrbH9SqUSRrdXkXaygSZCZg1FybsZz57Ju7N/SHEgPyaR0LZ8Zbe9gQ==}
    engines: {node: '>=12'}
    cpu: [arm]
    os: [linux]
    requiresBuild: true
    dev: true
    optional: true

  /@esbuild/linux-arm64/0.16.17:
    resolution: {integrity: sha512-7S8gJnSlqKGVJunnMCrXHU9Q8Q/tQIxk/xL8BqAP64wchPCTzuM6W3Ra8cIa1HIflAvDnNOt2jaL17vaW+1V0g==}
    engines: {node: '>=12'}
    cpu: [arm64]
    os: [linux]
    requiresBuild: true
    dev: true
    optional: true

  /@esbuild/linux-ia32/0.16.17:
    resolution: {integrity: sha512-kiX69+wcPAdgl3Lonh1VI7MBr16nktEvOfViszBSxygRQqSpzv7BffMKRPMFwzeJGPxcio0pdD3kYQGpqQ2SSg==}
    engines: {node: '>=12'}
    cpu: [ia32]
    os: [linux]
    requiresBuild: true
    dev: true
    optional: true

  /@esbuild/linux-loong64/0.16.17:
    resolution: {integrity: sha512-dTzNnQwembNDhd654cA4QhbS9uDdXC3TKqMJjgOWsC0yNCbpzfWoXdZvp0mY7HU6nzk5E0zpRGGx3qoQg8T2DQ==}
    engines: {node: '>=12'}
    cpu: [loong64]
    os: [linux]
    requiresBuild: true
    dev: true
    optional: true

  /@esbuild/linux-mips64el/0.16.17:
    resolution: {integrity: sha512-ezbDkp2nDl0PfIUn0CsQ30kxfcLTlcx4Foz2kYv8qdC6ia2oX5Q3E/8m6lq84Dj/6b0FrkgD582fJMIfHhJfSw==}
    engines: {node: '>=12'}
    cpu: [mips64el]
    os: [linux]
    requiresBuild: true
    dev: true
    optional: true

  /@esbuild/linux-ppc64/0.16.17:
    resolution: {integrity: sha512-dzS678gYD1lJsW73zrFhDApLVdM3cUF2MvAa1D8K8KtcSKdLBPP4zZSLy6LFZ0jYqQdQ29bjAHJDgz0rVbLB3g==}
    engines: {node: '>=12'}
    cpu: [ppc64]
    os: [linux]
    requiresBuild: true
    dev: true
    optional: true

  /@esbuild/linux-riscv64/0.16.17:
    resolution: {integrity: sha512-ylNlVsxuFjZK8DQtNUwiMskh6nT0vI7kYl/4fZgV1llP5d6+HIeL/vmmm3jpuoo8+NuXjQVZxmKuhDApK0/cKw==}
    engines: {node: '>=12'}
    cpu: [riscv64]
    os: [linux]
    requiresBuild: true
    dev: true
    optional: true

  /@esbuild/linux-s390x/0.16.17:
    resolution: {integrity: sha512-gzy7nUTO4UA4oZ2wAMXPNBGTzZFP7mss3aKR2hH+/4UUkCOyqmjXiKpzGrY2TlEUhbbejzXVKKGazYcQTZWA/w==}
    engines: {node: '>=12'}
    cpu: [s390x]
    os: [linux]
    requiresBuild: true
    dev: true
    optional: true

  /@esbuild/linux-x64/0.16.17:
    resolution: {integrity: sha512-mdPjPxfnmoqhgpiEArqi4egmBAMYvaObgn4poorpUaqmvzzbvqbowRllQ+ZgzGVMGKaPkqUmPDOOFQRUFDmeUw==}
    engines: {node: '>=12'}
    cpu: [x64]
    os: [linux]
    requiresBuild: true
    dev: true
    optional: true

  /@esbuild/netbsd-x64/0.16.17:
    resolution: {integrity: sha512-/PzmzD/zyAeTUsduZa32bn0ORug+Jd1EGGAUJvqfeixoEISYpGnAezN6lnJoskauoai0Jrs+XSyvDhppCPoKOA==}
    engines: {node: '>=12'}
    cpu: [x64]
    os: [netbsd]
    requiresBuild: true
    dev: true
    optional: true

  /@esbuild/openbsd-x64/0.16.17:
    resolution: {integrity: sha512-2yaWJhvxGEz2RiftSk0UObqJa/b+rIAjnODJgv2GbGGpRwAfpgzyrg1WLK8rqA24mfZa9GvpjLcBBg8JHkoodg==}
    engines: {node: '>=12'}
    cpu: [x64]
    os: [openbsd]
    requiresBuild: true
    dev: true
    optional: true

  /@esbuild/sunos-x64/0.16.17:
    resolution: {integrity: sha512-xtVUiev38tN0R3g8VhRfN7Zl42YCJvyBhRKw1RJjwE1d2emWTVToPLNEQj/5Qxc6lVFATDiy6LjVHYhIPrLxzw==}
    engines: {node: '>=12'}
    cpu: [x64]
    os: [sunos]
    requiresBuild: true
    dev: true
    optional: true

  /@esbuild/win32-arm64/0.16.17:
    resolution: {integrity: sha512-ga8+JqBDHY4b6fQAmOgtJJue36scANy4l/rL97W+0wYmijhxKetzZdKOJI7olaBaMhWt8Pac2McJdZLxXWUEQw==}
    engines: {node: '>=12'}
    cpu: [arm64]
    os: [win32]
    requiresBuild: true
    dev: true
    optional: true

  /@esbuild/win32-ia32/0.16.17:
    resolution: {integrity: sha512-WnsKaf46uSSF/sZhwnqE4L/F89AYNMiD4YtEcYekBt9Q7nj0DiId2XH2Ng2PHM54qi5oPrQ8luuzGszqi/veig==}
    engines: {node: '>=12'}
    cpu: [ia32]
    os: [win32]
    requiresBuild: true
    dev: true
    optional: true

  /@esbuild/win32-x64/0.16.17:
    resolution: {integrity: sha512-y+EHuSchhL7FjHgvQL/0fnnFmO4T1bhvWANX6gcnqTjtnKWbTvUMCpGnv2+t+31d7RzyEAYAd4u2fnIhHL6N/Q==}
    engines: {node: '>=12'}
    cpu: [x64]
    os: [win32]
    requiresBuild: true
    dev: true
    optional: true

  /@types/chai-subset/1.3.3:
    resolution: {integrity: sha512-frBecisrNGz+F4T6bcc+NLeolfiojh5FxW2klu669+8BARtyQv2C/GkNW6FUodVe4BroGMP/wER/YDGc7rEllw==}
    dependencies:
      '@types/chai': 4.3.4
    dev: true

  /@types/chai/4.3.4:
    resolution: {integrity: sha512-KnRanxnpfpjUTqTCXslZSEdLfXExwgNxYPdiO2WGUj8+HDjFi8R3k5RVKPeSCzLjCcshCAtVO2QBbVuAV4kTnw==}
    dev: true

  /@types/node/18.11.18:
    resolution: {integrity: sha512-DHQpWGjyQKSHj3ebjFI/wRKcqQcdR+MoFBygntYOZytCqNfkd2ZC4ARDJ2DQqhjH5p85Nnd3jhUJIXrszFX/JA==}
    dev: true

  /@vitejs/plugin-vue/4.0.0_vite@4.0.4+vue@3.2.45:
    resolution: {integrity: sha512-e0X4jErIxAB5oLtDqbHvHpJe/uWNkdpYV83AOG2xo2tEVSzCzewgJMtREZM30wXnM5ls90hxiOtAuVU6H5JgbA==}
    engines: {node: ^14.18.0 || >=16.0.0}
    peerDependencies:
      vite: ^4.0.0
      vue: ^3.2.25
    dependencies:
      vite: 4.0.4_ovmyjmuuyckt3r3gpaexj2onji
      vue: 3.2.45
    dev: true

  /@volar/language-core/1.0.24:
    resolution: {integrity: sha512-vTN+alJiWwK0Pax6POqrmevbtFW2dXhjwWiW/MW4f48eDYPLdyURWcr8TixO7EN/nHsUBj2udT7igFKPtjyAKg==}
    dependencies:
      '@volar/source-map': 1.0.24
      muggle-string: 0.1.0
    dev: true

  /@volar/source-map/1.0.24:
    resolution: {integrity: sha512-Qsv/tkplx18pgBr8lKAbM1vcDqgkGKQzbChg6NW+v0CZc3G7FLmK+WrqEPzKlN7Cwdc6XVL559Nod8WKAfKr4A==}
    dependencies:
      muggle-string: 0.1.0
    dev: true

  /@volar/typescript/1.0.24:
    resolution: {integrity: sha512-f8hCSk+PfKR1/RQHxZ79V1NpDImHoivqoizK+mstphm25tn/YJ/JnKNjZHB+o21fuW0yKlI26NV3jkVb2Cc/7A==}
    dependencies:
      '@volar/language-core': 1.0.24
    dev: true

  /@volar/vue-language-core/1.0.24:
    resolution: {integrity: sha512-2NTJzSgrwKu6uYwPqLiTMuAzi7fAY3yFy5PJ255bGJc82If0Xr+cW8pC80vpjG0D/aVLmlwAdO4+Ya2BI8GdDg==}
    dependencies:
      '@volar/language-core': 1.0.24
      '@volar/source-map': 1.0.24
      '@vue/compiler-dom': 3.2.45
      '@vue/compiler-sfc': 3.2.45
      '@vue/reactivity': 3.2.45
      '@vue/shared': 3.2.45
      minimatch: 5.1.2
      vue-template-compiler: 2.7.14
    dev: true

  /@volar/vue-typescript/1.0.24:
    resolution: {integrity: sha512-9a25oHDvGaNC0okRS47uqJI6FxY4hUQZUsxeOUFHcqVxZEv8s17LPuP/pMMXyz7jPygrZubB/qXqHY5jEu/akA==}
    dependencies:
      '@volar/typescript': 1.0.24
      '@volar/vue-language-core': 1.0.24
    dev: true

  /@vue/compiler-core/3.2.45:
    resolution: {integrity: sha512-rcMj7H+PYe5wBV3iYeUgbCglC+pbpN8hBLTJvRiK2eKQiWqu+fG9F+8sW99JdL4LQi7Re178UOxn09puSXvn4A==}
    dependencies:
      '@babel/parser': 7.20.7
      '@vue/shared': 3.2.45
      estree-walker: 2.0.2
      source-map: 0.6.1
    dev: true

  /@vue/compiler-dom/3.2.45:
    resolution: {integrity: sha512-tyYeUEuKqqZO137WrZkpwfPCdiiIeXYCcJ8L4gWz9vqaxzIQRccTSwSWZ/Axx5YR2z+LvpUbmPNXxuBU45lyRw==}
    dependencies:
      '@vue/compiler-core': 3.2.45
      '@vue/shared': 3.2.45
    dev: true

  /@vue/compiler-sfc/3.2.45:
    resolution: {integrity: sha512-1jXDuWah1ggsnSAOGsec8cFjT/K6TMZ0sPL3o3d84Ft2AYZi2jWJgRMjw4iaK0rBfA89L5gw427H4n1RZQBu6Q==}
    dependencies:
      '@babel/parser': 7.20.7
      '@vue/compiler-core': 3.2.45
      '@vue/compiler-dom': 3.2.45
      '@vue/compiler-ssr': 3.2.45
      '@vue/reactivity-transform': 3.2.45
      '@vue/shared': 3.2.45
      estree-walker: 2.0.2
      magic-string: 0.25.9
      postcss: 8.4.21
      source-map: 0.6.1
    dev: true

  /@vue/compiler-ssr/3.2.45:
    resolution: {integrity: sha512-6BRaggEGqhWht3lt24CrIbQSRD5O07MTmd+LjAn5fJj568+R9eUD2F7wMQJjX859seSlrYog7sUtrZSd7feqrQ==}
    dependencies:
      '@vue/compiler-dom': 3.2.45
      '@vue/shared': 3.2.45
    dev: true

  /@vue/devtools-api/6.4.5:
    resolution: {integrity: sha512-JD5fcdIuFxU4fQyXUu3w2KpAJHzTVdN+p4iOX2lMWSHMOoQdMAcpFLZzm9Z/2nmsoZ1a96QEhZ26e50xLBsgOQ==}
    dev: true

  /@vue/reactivity-transform/3.2.45:
    resolution: {integrity: sha512-BHVmzYAvM7vcU5WmuYqXpwaBHjsS8T63jlKGWVtHxAHIoMIlmaMyurUSEs1Zcg46M4AYT5MtB1U274/2aNzjJQ==}
    dependencies:
      '@babel/parser': 7.20.7
      '@vue/compiler-core': 3.2.45
      '@vue/shared': 3.2.45
      estree-walker: 2.0.2
      magic-string: 0.25.9
    dev: true

  /@vue/reactivity/3.2.45:
    resolution: {integrity: sha512-PRvhCcQcyEVohW0P8iQ7HDcIOXRjZfAsOds3N99X/Dzewy8TVhTCT4uXpAHfoKjVTJRA0O0K+6QNkDIZAxNi3A==}
    dependencies:
      '@vue/shared': 3.2.45
    dev: true

  /@vue/runtime-core/3.2.45:
    resolution: {integrity: sha512-gzJiTA3f74cgARptqzYswmoQx0fIA+gGYBfokYVhF8YSXjWTUA2SngRzZRku2HbGbjzB6LBYSbKGIaK8IW+s0A==}
    dependencies:
      '@vue/reactivity': 3.2.45
      '@vue/shared': 3.2.45
    dev: true

  /@vue/runtime-dom/3.2.45:
    resolution: {integrity: sha512-cy88YpfP5Ue2bDBbj75Cb4bIEZUMM/mAkDMfqDTpUYVgTf/kuQ2VQ8LebuZ8k6EudgH8pYhsGWHlY0lcxlvTwA==}
    dependencies:
      '@vue/runtime-core': 3.2.45
      '@vue/shared': 3.2.45
      csstype: 2.6.21
    dev: true

  /@vue/server-renderer/3.2.45_vue@3.2.45:
    resolution: {integrity: sha512-ebiMq7q24WBU1D6uhPK//2OTR1iRIyxjF5iVq/1a5I1SDMDyDu4Ts6fJaMnjrvD3MqnaiFkKQj+LKAgz5WIK3g==}
    peerDependencies:
      vue: 3.2.45
    dependencies:
      '@vue/compiler-ssr': 3.2.45
      '@vue/shared': 3.2.45
      vue: 3.2.45
    dev: true

  /@vue/shared/3.2.45:
    resolution: {integrity: sha512-Ewzq5Yhimg7pSztDV+RH1UDKBzmtqieXQlpTVm2AwraoRL/Rks96mvd8Vgi7Lj+h+TH8dv7mXD3FRZR3TUvbSg==}
    dev: true

  /acorn-walk/8.2.0:
    resolution: {integrity: sha512-k+iyHEuPgSw6SbuDpGQM+06HQUa04DZ3o+F6CSzXMvvI5KMvnaEqXe+YVe555R9nn6GPt404fos4wcgpw12SDA==}
    engines: {node: '>=0.4.0'}
    dev: true

  /acorn/8.8.1:
    resolution: {integrity: sha512-7zFpHzhnqYKrkYdUjF1HI1bzd0VygEGX8lFk4k5zVMqHEoES+P+7TKI+EvLO9WVMJ8eekdO0aDEK044xTXwPPA==}
    engines: {node: '>=0.4.0'}
    hasBin: true
    dev: true

  /anymatch/3.1.3:
    resolution: {integrity: sha512-KMReFUr0B4t+D+OBkjR3KYqvocp2XaSzO55UcB6mgQMd3KbcE+mWTyvVV7D/zsdEbNnV6acZUutkiHQXvTr1Rw==}
    engines: {node: '>= 8'}
    dependencies:
      normalize-path: 3.0.0
      picomatch: 2.3.1
    dev: true

  /assertion-error/1.1.0:
    resolution: {integrity: sha512-jgsaNduz+ndvGyFt3uSuWqvy4lCnIJiovtouQN5JZHOKCS2QuhEdbcQHFhVksz2N2U9hXJo8odG7ETyWlEeuDw==}
    dev: true

  /asynckit/0.4.0:
    resolution: {integrity: sha512-Oei9OH4tRh0YqU3GxhX79dM/mwVgvbZJaSNaRk+bshkj0S5cfHcgYakreBjrHwatXKbz+IoIdYLxrKim2MjW0Q==}
    dev: true

  /axios/1.2.2:
    resolution: {integrity: sha512-bz/J4gS2S3I7mpN/YZfGFTqhXTYzRho8Ay38w2otuuDR322KzFIWm/4W2K6gIwvWaws5n+mnb7D1lN9uD+QH6Q==}
    dependencies:
      follow-redirects: 1.15.2
      form-data: 4.0.0
      proxy-from-env: 1.1.0
    transitivePeerDependencies:
      - debug
    dev: true

  /balanced-match/1.0.2:
    resolution: {integrity: sha512-3oSeUO0TMV67hN1AmbXsK4yaqU7tjiHlbxRDZOpH0KW9+CeX4bRAaX0Anxt0tx2MrpRpWwQaPwIlISEJhYU5Pw==}
    dev: true

  /binary-extensions/2.2.0:
    resolution: {integrity: sha512-jDctJ/IVQbZoJykoeHbhXpOlNBqGNcwXJKJog42E5HDPUwQTSdjCHdihjj0DlnheQ7blbT6dHOafNAiS8ooQKA==}
    engines: {node: '>=8'}
    dev: true

  /brace-expansion/2.0.1:
    resolution: {integrity: sha512-XnAIvQ8eM+kC6aULx6wuQiwVsnzsi9d3WxzV3FpWTGA19F621kwdbsAcFKXgKUHZWsy+mY6iL1sHTxWEFCytDA==}
    dependencies:
      balanced-match: 1.0.2
    dev: true

  /braces/3.0.2:
    resolution: {integrity: sha512-b8um+L1RzM3WDSzvhm6gIz1yfTbBt6YTlcEKAvsmqCZZFw46z626lVj9j1yEPW33H5H+lBQpZMP1k8l+78Ha0A==}
    engines: {node: '>=8'}
    dependencies:
      fill-range: 7.0.1
    dev: true

  /buffer-from/1.1.2:
    resolution: {integrity: sha512-E+XQCRwSbaaiChtv6k6Dwgc+bx+Bs6vuKJHHl5kox/BaKbhiXzqQOwK4cO22yElGp2OCmjwVhT3HmxgyPGnJfQ==}
    dev: true

  /cac/6.7.14:
    resolution: {integrity: sha512-b6Ilus+c3RrdDk+JhLKUAQfzzgLEPy6wcXqS7f/xe1EETvsDP6GORG7SFuOs6cID5YkqchW/LXZbX5bc8j7ZcQ==}
    engines: {node: '>=8'}
    dev: true

  /chai/4.3.7:
    resolution: {integrity: sha512-HLnAzZ2iupm25PlN0xFreAlBA5zaBSv3og0DdeGA4Ar6h6rJ3A0rolRUKJhSF2V10GZKDgWF/VmAEsNWjCRB+A==}
    engines: {node: '>=4'}
    dependencies:
      assertion-error: 1.1.0
      check-error: 1.0.2
      deep-eql: 4.1.3
      get-func-name: 2.0.0
      loupe: 2.3.6
      pathval: 1.1.1
      type-detect: 4.0.8
    dev: true

  /check-error/1.0.2:
    resolution: {integrity: sha512-BrgHpW9NURQgzoNyjfq0Wu6VFO6D7IZEmJNdtgNqpzGG8RuNFHt2jQxWlAs4HMe119chBnv+34syEZtc6IhLtA==}
    dev: true

  /chokidar/3.5.3:
    resolution: {integrity: sha512-Dr3sfKRP6oTcjf2JmUmFJfeVMvXBdegxB0iVQ5eb2V10uFJUCAS8OByZdVAyVb8xXNz3GjjTgj9kLWsZTqE6kw==}
    engines: {node: '>= 8.10.0'}
    dependencies:
      anymatch: 3.1.3
      braces: 3.0.2
      glob-parent: 5.1.2
      is-binary-path: 2.1.0
      is-glob: 4.0.3
      normalize-path: 3.0.0
      readdirp: 3.6.0
    optionalDependencies:
      fsevents: 2.3.2
    dev: true

  /combined-stream/1.0.8:
    resolution: {integrity: sha512-FQN4MRfuJeHf7cBbBMJFXhKSDq+2kAArBlmRBvcvFE5BB1HZKXtSFASDhdlz9zOYwxh8lDdnvmMOe/+5cdoEdg==}
    engines: {node: '>= 0.8'}
    dependencies:
      delayed-stream: 1.0.0
    dev: true

  /csstype/2.6.21:
    resolution: {integrity: sha512-Z1PhmomIfypOpoMjRQB70jfvy/wxT50qW08YXO5lMIJkrdq4yOTR+AW7FqutScmB9NkLwxo+jU+kZLbofZZq/w==}
    dev: true

  /de-indent/1.0.2:
    resolution: {integrity: sha512-e/1zu3xH5MQryN2zdVaF0OrdNLUbvWxzMbi+iNA6Bky7l1RoP8a2fIbRocyHclXt/arDrrR6lL3TqFD9pMQTsg==}
    dev: true

  /debug/4.3.4:
    resolution: {integrity: sha512-PRWFHuSU3eDtQJPvnNY7Jcket1j0t5OuOsFzPPzsekD52Zl8qUfFIPEiswXqIvHWGVHOgX+7G/vCNNhehwxfkQ==}
    engines: {node: '>=6.0'}
    peerDependencies:
      supports-color: '*'
    peerDependenciesMeta:
      supports-color:
        optional: true
    dependencies:
      ms: 2.1.2
    dev: true

  /deep-eql/4.1.3:
    resolution: {integrity: sha512-WaEtAOpRA1MQ0eohqZjpGD8zdI0Ovsm8mmFhaDN8dvDZzyoUMcYDnf5Y6iu7HTXxf8JDS23qWa4a+hKCDyOPzw==}
    engines: {node: '>=6'}
    dependencies:
      type-detect: 4.0.8
    dev: true

  /delayed-stream/1.0.0:
    resolution: {integrity: sha512-ZySD7Nf91aLB0RxL4KGrKHBXl7Eds1DAmEdcoVawXnLD7SDhpNgtuII2aAkg7a7QS41jxPSZ17p4VdGnMHk3MQ==}
    engines: {node: '>=0.4.0'}
    dev: true

  /esbuild/0.16.17:
    resolution: {integrity: sha512-G8LEkV0XzDMNwXKgM0Jwu3nY3lSTwSGY6XbxM9cr9+s0T/qSV1q1JVPBGzm3dcjhCic9+emZDmMffkwgPeOeLg==}
    engines: {node: '>=12'}
    hasBin: true
    requiresBuild: true
    optionalDependencies:
      '@esbuild/android-arm': 0.16.17
      '@esbuild/android-arm64': 0.16.17
      '@esbuild/android-x64': 0.16.17
      '@esbuild/darwin-arm64': 0.16.17
      '@esbuild/darwin-x64': 0.16.17
      '@esbuild/freebsd-arm64': 0.16.17
      '@esbuild/freebsd-x64': 0.16.17
      '@esbuild/linux-arm': 0.16.17
      '@esbuild/linux-arm64': 0.16.17
      '@esbuild/linux-ia32': 0.16.17
      '@esbuild/linux-loong64': 0.16.17
      '@esbuild/linux-mips64el': 0.16.17
      '@esbuild/linux-ppc64': 0.16.17
      '@esbuild/linux-riscv64': 0.16.17
      '@esbuild/linux-s390x': 0.16.17
      '@esbuild/linux-x64': 0.16.17
      '@esbuild/netbsd-x64': 0.16.17
      '@esbuild/openbsd-x64': 0.16.17
      '@esbuild/sunos-x64': 0.16.17
      '@esbuild/win32-arm64': 0.16.17
      '@esbuild/win32-ia32': 0.16.17
      '@esbuild/win32-x64': 0.16.17
    dev: true

  /estree-walker/2.0.2:
    resolution: {integrity: sha512-Rfkk/Mp/DL7JVje3u18FxFujQlTNR2q6QfMSMB7AvCBx91NGj/ba3kCfza0f6dVDbw7YlRf/nDrn7pQrCCyQ/w==}
    dev: true

  /fill-range/7.0.1:
    resolution: {integrity: sha512-qOo9F+dMUmC2Lcb4BbVvnKJxTPjCm+RRpe4gDuGrzkL7mEVl/djYSu2OdQ2Pa302N4oqkSg9ir6jaLWJ2USVpQ==}
    engines: {node: '>=8'}
    dependencies:
      to-regex-range: 5.0.1
    dev: true

  /follow-redirects/1.15.2:
    resolution: {integrity: sha512-VQLG33o04KaQ8uYi2tVNbdrWp1QWxNNea+nmIB4EVM28v0hmP17z7aG1+wAkNzVq4KeXTq3221ye5qTJP91JwA==}
    engines: {node: '>=4.0'}
    peerDependencies:
      debug: '*'
    peerDependenciesMeta:
      debug:
        optional: true
    dev: true

  /form-data/4.0.0:
    resolution: {integrity: sha512-ETEklSGi5t0QMZuiXoA/Q6vcnxcLQP5vdugSpuAyi6SVGi2clPPp+xgEhuMaHC+zGgn31Kd235W35f7Hykkaww==}
    engines: {node: '>= 6'}
    dependencies:
      asynckit: 0.4.0
      combined-stream: 1.0.8
      mime-types: 2.1.35
    dev: true

  /fsevents/2.3.2:
    resolution: {integrity: sha512-xiqMQR4xAeHTuB9uWm+fFRcIOgKBMiOBP+eXiyT7jsgVCq1bkVygt00oASowB7EdtpOHaaPgKt812P9ab+DDKA==}
    engines: {node: ^8.16.0 || ^10.6.0 || >=11.0.0}
    os: [darwin]
    requiresBuild: true
    dev: true
    optional: true

  /function-bind/1.1.1:
    resolution: {integrity: sha512-yIovAzMX49sF8Yl58fSCWJ5svSLuaibPxXQJFLmBObTuCr0Mf1KiPopGM9NiFjiYBCbfaa2Fh6breQ6ANVTI0A==}
    dev: true

  /get-func-name/2.0.0:
    resolution: {integrity: sha512-Hm0ixYtaSZ/V7C8FJrtZIuBBI+iSgL+1Aq82zSu8VQNB4S3Gk8e7Qs3VwBDJAhmRZcFqkl3tQu36g/Foh5I5ig==}
    dev: true

  /glob-parent/5.1.2:
    resolution: {integrity: sha512-AOIgSQCepiJYwP3ARnGx+5VnTu2HBYdzbGP45eLw1vr3zB3vZLeyed1sC9hnbcOc9/SrMyM5RPQrkGz4aS9Zow==}
    engines: {node: '>= 6'}
    dependencies:
      is-glob: 4.0.3
    dev: true

  /has/1.0.3:
    resolution: {integrity: sha512-f2dvO0VU6Oej7RkWJGrehjbzMAjFp5/VKPp5tTpWIV4JHHZK1/BxbFRtf/siA2SWTe09caDmVtYYzWEIbBS4zw==}
    engines: {node: '>= 0.4.0'}
    dependencies:
      function-bind: 1.1.1
    dev: true

  /he/1.2.0:
    resolution: {integrity: sha512-F/1DnUGPopORZi0ni+CvrCgHQ5FyEAHRLSApuYWMmrbSwoN2Mn/7k+Gl38gJnR7yyDZk6WLXwiGod1JOWNDKGw==}
    hasBin: true
    dev: true

  /immutable/4.2.2:
    resolution: {integrity: sha512-fTMKDwtbvO5tldky9QZ2fMX7slR0mYpY5nbnFWYp0fOzDhHqhgIw9KoYgxLWsoNTS9ZHGauHj18DTyEw6BK3Og==}
    dev: true

  /is-binary-path/2.1.0:
    resolution: {integrity: sha512-ZMERYes6pDydyuGidse7OsHxtbI7WVeUEozgR/g7rd0xUimYNlvZRE/K2MgZTjWy725IfelLeVcEM97mmtRGXw==}
    engines: {node: '>=8'}
    dependencies:
      binary-extensions: 2.2.0
    dev: true

  /is-core-module/2.11.0:
    resolution: {integrity: sha512-RRjxlvLDkD1YJwDbroBHMb+cukurkDWNyHx7D3oNB5x9rb5ogcksMC5wHCadcXoo67gVr/+3GFySh3134zi6rw==}
    dependencies:
      has: 1.0.3
    dev: true

  /is-extglob/2.1.1:
    resolution: {integrity: sha512-SbKbANkN603Vi4jEZv49LeVJMn4yGwsbzZworEoyEiutsN3nJYdbO36zfhGJ6QEDpOZIFkDtnq5JRxmvl3jsoQ==}
    engines: {node: '>=0.10.0'}
    dev: true

  /is-glob/4.0.3:
    resolution: {integrity: sha512-xelSayHH36ZgE7ZWhli7pW34hNbNl8Ojv5KVmkJD4hBdD3th8Tfk9vYasLM+mXWOZhFkgZfxhLSnrwRr4elSSg==}
    engines: {node: '>=0.10.0'}
    dependencies:
      is-extglob: 2.1.1
    dev: true

  /is-number/7.0.0:
    resolution: {integrity: sha512-41Cifkg6e8TylSpdtTpeLVMqvSBEVzTttHvERD741+pnZ8ANv0004MRL43QKPDlK9cGvNp6NZWZUBlbGXYxxng==}
    engines: {node: '>=0.12.0'}
    dev: true

  /jsonc-parser/3.2.0:
    resolution: {integrity: sha512-gfFQZrcTc8CnKXp6Y4/CBT3fTc0OVuDofpre4aEeEpSBPV5X5v4+Vmx+8snU7RLPrNHPKSgLxGo9YuQzz20o+w==}
    dev: true

  /local-pkg/0.4.2:
    resolution: {integrity: sha512-mlERgSPrbxU3BP4qBqAvvwlgW4MTg78iwJdGGnv7kibKjWcJksrG3t6LB5lXI93wXRDvG4NpUgJFmTG4T6rdrg==}
    engines: {node: '>=14'}
    dev: true

  /lodash/4.17.21:
    resolution: {integrity: sha512-v2kDEe57lecTulaDIuNTPy3Ry4gLGJ6Z1O3vE1krgXZNrsQ+LFTGHVxVjcXPs17LhbZVGedAJv8XZ1tvj5FvSg==}
    dev: true

  /loupe/2.3.6:
    resolution: {integrity: sha512-RaPMZKiMy8/JruncMU5Bt6na1eftNoo++R4Y+N2FrxkDVTrGvcyzFTsaGif4QTeKESheMGegbhw6iUAq+5A8zA==}
    dependencies:
      get-func-name: 2.0.0
    dev: true

  /magic-string/0.25.9:
    resolution: {integrity: sha512-RmF0AsMzgt25qzqqLc1+MbHmhdx0ojF2Fvs4XnOqz2ZOBXzzkEwc/dJQZCYHAn7v1jbVOjAZfK8msRn4BxO4VQ==}
    dependencies:
      sourcemap-codec: 1.4.8
    dev: true

  /mime-db/1.52.0:
    resolution: {integrity: sha512-sPU4uV7dYlvtWJxwwxHD0PuihVNiE7TyAbQ5SWxDCB9mUYvOgroQOwYQQOKPJ8CIbE+1ETVlOoK1UC2nU3gYvg==}
    engines: {node: '>= 0.6'}
    dev: true

  /mime-types/2.1.35:
    resolution: {integrity: sha512-ZDY+bPm5zTTF+YpCrAU9nK0UgICYPT0QtT1NZWFv4s++TNkcgVaT0g6+4R2uI4MjQjzysHB1zxuWL50hzaeXiw==}
    engines: {node: '>= 0.6'}
    dependencies:
      mime-db: 1.52.0
    dev: true

  /minimatch/5.1.2:
    resolution: {integrity: sha512-bNH9mmM9qsJ2X4r2Nat1B//1dJVcn3+iBLa3IgqJ7EbGaDNepL9QSHOxN4ng33s52VMMhhIfgCYDk3C4ZmlDAg==}
    engines: {node: '>=10'}
    dependencies:
      brace-expansion: 2.0.1
    dev: true

  /mlly/1.1.0:
    resolution: {integrity: sha512-cwzBrBfwGC1gYJyfcy8TcZU1f+dbH/T+TuOhtYP2wLv/Fb51/uV7HJQfBPtEupZ2ORLRU1EKFS/QfS3eo9+kBQ==}
    dependencies:
      acorn: 8.8.1
      pathe: 1.0.0
      pkg-types: 1.0.1
      ufo: 1.0.1
    dev: true

  /ms/2.1.2:
    resolution: {integrity: sha512-sGkPx+VjMtmA6MX27oA4FBFELFCZZ4S4XqeGOXCv68tT+jb3vk/RyaKWP0PTKyWtmLSM0b+adUTEvbs1PEaH2w==}
    dev: true

  /muggle-string/0.1.0:
    resolution: {integrity: sha512-Tr1knR3d2mKvvWthlk7202rywKbiOm4rVFLsfAaSIhJ6dt9o47W4S+JMtWhd/PW9Wrdew2/S2fSvhz3E2gkfEg==}
    dev: true

  /nanoid/3.3.4:
    resolution: {integrity: sha512-MqBkQh/OHTS2egovRtLk45wEyNXwF+cokD+1YPf9u5VfJiRdAiRwB2froX5Co9Rh20xs4siNPm8naNotSD6RBw==}
    engines: {node: ^10 || ^12 || ^13.7 || ^14 || >=15.0.1}
    hasBin: true
    dev: true

  /normalize-path/3.0.0:
    resolution: {integrity: sha512-6eZs5Ls3WtCisHWp9S2GUy8dqkpGi4BVSz3GaqiE6ezub0512ESztXUwUB6C6IKbQkY2Pnb/mD4WYojCRwcwLA==}
    engines: {node: '>=0.10.0'}
    dev: true

  /path-parse/1.0.7:
    resolution: {integrity: sha512-LDJzPVEEEPR+y48z93A0Ed0yXb8pAByGWo/k5YYdYgpY2/2EsOsksJrq7lOHxryrVOn1ejG6oAp8ahvOIQD8sw==}
    dev: true

  /pathe/0.2.0:
    resolution: {integrity: sha512-sTitTPYnn23esFR3RlqYBWn4c45WGeLcsKzQiUpXJAyfcWkolvlYpV8FLo7JishK946oQwMFUCHXQ9AjGPKExw==}
    dev: true

  /pathe/1.0.0:
    resolution: {integrity: sha512-nPdMG0Pd09HuSsr7QOKUXO2Jr9eqaDiZvDwdyIhNG5SHYujkQHYKDfGQkulBxvbDHz8oHLsTgKN86LSwYzSHAg==}
    dev: true

  /pathval/1.1.1:
    resolution: {integrity: sha512-Dp6zGqpTdETdR63lehJYPeIOqpiNBNtc7BpWSLrOje7UaIsE5aY92r/AunQA7rsXvet3lrJ3JnZX29UPTKXyKQ==}
    dev: true

  /picocolors/1.0.0:
    resolution: {integrity: sha512-1fygroTLlHu66zi26VoTDv8yRgm0Fccecssto+MhsZ0D/DGW2sm8E8AjW7NU5VVTRt5GxbeZ5qBuJr+HyLYkjQ==}
    dev: true

  /picomatch/2.3.1:
    resolution: {integrity: sha512-JU3teHTNjmE2VCGFzuY8EXzCDVwEqB2a8fsIvwaStHhAWJEeVd1o1QD80CU6+ZdEXXSLbSsuLwJjkCBWqRQUVA==}
    engines: {node: '>=8.6'}
    dev: true

  /pkg-types/1.0.1:
    resolution: {integrity: sha512-jHv9HB+Ho7dj6ItwppRDDl0iZRYBD0jsakHXtFgoLr+cHSF6xC+QL54sJmWxyGxOLYSHm0afhXhXcQDQqH9z8g==}
    dependencies:
      jsonc-parser: 3.2.0
      mlly: 1.1.0
      pathe: 1.0.0
    dev: true

  /postcss/8.4.21:
    resolution: {integrity: sha512-tP7u/Sn/dVxK2NnruI4H9BG+x+Wxz6oeZ1cJ8P6G/PZY0IKk4k/63TDsQf2kQq3+qoJeLm2kIBUNlZe3zgb4Zg==}
    engines: {node: ^10 || ^12 || >=14}
    dependencies:
      nanoid: 3.3.4
      picocolors: 1.0.0
      source-map-js: 1.0.2
    dev: true

  /proxy-from-env/1.1.0:
    resolution: {integrity: sha512-D+zkORCbA9f1tdWRK0RaCR3GPv50cMxcrz4X8k5LTSUD1Dkw47mKJEZQNunItRTkWwgtaUSo1RVFRIG9ZXiFYg==}
    dev: true

  /readdirp/3.6.0:
    resolution: {integrity: sha512-hOS089on8RduqdbhvQ5Z37A0ESjsqz6qnRcffsMU3495FuTdqSm+7bhJ29JvIOsBDEEnan5DPu9t3To9VRlMzA==}
    engines: {node: '>=8.10.0'}
    dependencies:
      picomatch: 2.3.1
    dev: true

  /resolve/1.22.1:
    resolution: {integrity: sha512-nBpuuYuY5jFsli/JIs1oldw6fOQCBioohqWZg/2hiaOybXOft4lonv85uDOKXdf8rhyK159cxU5cDcK/NKk8zw==}
    hasBin: true
    dependencies:
      is-core-module: 2.11.0
      path-parse: 1.0.7
      supports-preserve-symlinks-flag: 1.0.0
    dev: true

  /rollup/3.10.0:
    resolution: {integrity: sha512-JmRYz44NjC1MjVF2VKxc0M1a97vn+cDxeqWmnwyAF4FvpjK8YFdHpaqvQB+3IxCvX05vJxKZkoMDU8TShhmJVA==}
    engines: {node: '>=14.18.0', npm: '>=8.0.0'}
    hasBin: true
    optionalDependencies:
      fsevents: 2.3.2
    dev: true

  /sass/1.57.1:
    resolution: {integrity: sha512-O2+LwLS79op7GI0xZ8fqzF7X2m/m8WFfI02dHOdsK5R2ECeS5F62zrwg/relM1rjSLy7Vd/DiMNIvPrQGsA0jw==}
    engines: {node: '>=12.0.0'}
    hasBin: true
    dependencies:
      chokidar: 3.5.3
      immutable: 4.2.2
      source-map-js: 1.0.2
    dev: true

  /siginfo/2.0.0:
    resolution: {integrity: sha512-ybx0WO1/8bSBLEWXZvEd7gMW3Sn3JFlW3TvX1nREbDLRNQNaeNN8WK0meBwPdAaOI7TtRRRJn/Es1zhrrCHu7g==}
    dev: true

  /source-map-js/1.0.2:
    resolution: {integrity: sha512-R0XvVJ9WusLiqTCEiGCmICCMplcCkIwwR11mOSD9CR5u+IXYdiseeEuXCVAjS54zqwkLcPNnmU4OeJ6tUrWhDw==}
    engines: {node: '>=0.10.0'}
    dev: true

  /source-map-support/0.5.21:
    resolution: {integrity: sha512-uBHU3L3czsIyYXKX88fdrGovxdSCoTGDRZ6SYXtSRxLZUzHg5P/66Ht6uoUlHu9EZod+inXhKo3qQgwXUT/y1w==}
    dependencies:
      buffer-from: 1.1.2
      source-map: 0.6.1
    dev: true

  /source-map/0.6.1:
    resolution: {integrity: sha512-UjgapumWlbMhkBgzT7Ykc5YXUT46F0iKu8SGXq0bcwP5dz/h0Plj6enJqjz1Zbq2l5WaqYnrVbwWOWMyF3F47g==}
    engines: {node: '>=0.10.0'}
    dev: true

  /sourcemap-codec/1.4.8:
    resolution: {integrity: sha512-9NykojV5Uih4lgo5So5dtw+f0JgJX30KCNI8gwhz2J9A15wD0Ml6tjHKwf6fTSa6fAdVBdZeNOs9eJ71qCk8vA==}
    deprecated: Please use @jridgewell/sourcemap-codec instead
    dev: true

  /stackback/0.0.2:
    resolution: {integrity: sha512-1XMJE5fQo1jGH6Y/7ebnwPOBEkIEnT4QF32d5R1+VXdXveM0IBMJt8zfaxX1P3QhVwrYe+576+jkANtSS2mBbw==}
    dev: true

  /strip-literal/1.0.0:
    resolution: {integrity: sha512-5o4LsH1lzBzO9UFH63AJ2ad2/S2AVx6NtjOcaz+VTT2h1RiRvbipW72z8M/lxEhcPHDBQwpDrnTF7sXy/7OwCQ==}
    dependencies:
      acorn: 8.8.1
    dev: true

  /supports-preserve-symlinks-flag/1.0.0:
    resolution: {integrity: sha512-ot0WnXS9fgdkgIcePe6RHNk1WA8+muPa6cSjeR3V8K27q9BB1rTE3R1p7Hv0z1ZyAc8s6Vvv8DIyWf681MAt0w==}
    engines: {node: '>= 0.4'}
    dev: true

  /tinybench/2.3.1:
    resolution: {integrity: sha512-hGYWYBMPr7p4g5IarQE7XhlyWveh1EKhy4wUBS1LrHXCKYgvz+4/jCqgmJqZxxldesn05vccrtME2RLLZNW7iA==}
    dev: true

  /tinypool/0.3.0:
    resolution: {integrity: sha512-NX5KeqHOBZU6Bc0xj9Vr5Szbb1j8tUHIeD18s41aDJaPeC5QTdEhK0SpdpUrZlj2nv5cctNcSjaKNanXlfcVEQ==}
    engines: {node: '>=14.0.0'}
    dev: true

  /tinyspy/1.0.2:
    resolution: {integrity: sha512-bSGlgwLBYf7PnUsQ6WOc6SJ3pGOcd+d8AA6EUnLDDM0kWEstC1JIlSZA3UNliDXhd9ABoS7hiRBDCu+XP/sf1Q==}
    engines: {node: '>=14.0.0'}
    dev: true

  /to-fast-properties/2.0.0:
    resolution: {integrity: sha512-/OaKK0xYrs3DmxRYqL/yDc+FxFUVYhDlXMhRmv3z915w2HF1tnN1omB354j8VUGO/hbRzyD6Y3sA7v7GS/ceog==}
    engines: {node: '>=4'}
    dev: true

  /to-regex-range/5.0.1:
    resolution: {integrity: sha512-65P7iz6X5yEr1cwcgvQxbbIw7Uk3gOy5dIdtZ4rDveLqhrdJP+Li/Hx6tyK0NEb+2GCyneCMJiGqrADCSNk8sQ==}
    engines: {node: '>=8.0'}
    dependencies:
      is-number: 7.0.0
    dev: true

  /type-detect/4.0.8:
    resolution: {integrity: sha512-0fr/mIH1dlO+x7TlcMy+bIDqKPsw/70tVyeHW787goQjhmqaZe10uwLujubK9q9Lg6Fiho1KUKDYz0Z7k7g5/g==}
    engines: {node: '>=4'}
    dev: true

  /typescript/4.9.4:
    resolution: {integrity: sha512-Uz+dTXYzxXXbsFpM86Wh3dKCxrQqUcVMxwU54orwlJjOpO3ao8L7j5lH+dWfTwgCwIuM9GQ2kvVotzYJMXTBZg==}
    engines: {node: '>=4.2.0'}
    hasBin: true
    dev: true

  /ufo/1.0.1:
    resolution: {integrity: sha512-boAm74ubXHY7KJQZLlXrtMz52qFvpsbOxDcZOnw/Wf+LS4Mmyu7JxmzD4tDLtUQtmZECypJ0FrCz4QIe6dvKRA==}
    dev: true

  /vite-node/0.27.1_ovmyjmuuyckt3r3gpaexj2onji:
    resolution: {integrity: sha512-d6+ue/3NzsfndWaPbYh/bFkHbmAWfDXI4B874zRx+WREnG6CUHUbBC8lKaRYZjeR6gCPN5m1aVNNRXBYICA9XA==}
    engines: {node: '>=v14.16.0'}
    hasBin: true
    dependencies:
      cac: 6.7.14
      debug: 4.3.4
      mlly: 1.1.0
      pathe: 0.2.0
      picocolors: 1.0.0
      source-map: 0.6.1
      source-map-support: 0.5.21
      vite: 4.0.4_ovmyjmuuyckt3r3gpaexj2onji
    transitivePeerDependencies:
      - '@types/node'
      - less
      - sass
      - stylus
      - sugarss
      - supports-color
      - terser
    dev: true

  /vite/4.0.4_ovmyjmuuyckt3r3gpaexj2onji:
    resolution: {integrity: sha512-xevPU7M8FU0i/80DMR+YhgrzR5KS2ORy1B4xcX/cXLsvnUWvfHuqMmVU6N0YiJ4JWGRJJsLCgjEzKjG9/GKoSw==}
    engines: {node: ^14.18.0 || >=16.0.0}
    hasBin: true
    peerDependencies:
      '@types/node': '>= 14'
      less: '*'
      sass: '*'
      stylus: '*'
      sugarss: '*'
      terser: ^5.4.0
    peerDependenciesMeta:
      '@types/node':
        optional: true
      less:
        optional: true
      sass:
        optional: true
      stylus:
        optional: true
      sugarss:
        optional: true
      terser:
        optional: true
    dependencies:
      '@types/node': 18.11.18
      esbuild: 0.16.17
      postcss: 8.4.21
      resolve: 1.22.1
      rollup: 3.10.0
      sass: 1.57.1
    optionalDependencies:
      fsevents: 2.3.2
    dev: true

  /vitest/0.27.1_sass@1.57.1:
    resolution: {integrity: sha512-1sIpQ1DVFTEn7c1ici1XHcVfdU4nKiBmPtPAtGKJJJLuJjojTv/OHGgcf69P57alM4ty8V4NMv+7Yoi5Cxqx9g==}
    engines: {node: '>=v14.16.0'}
    hasBin: true
    peerDependencies:
      '@edge-runtime/vm': '*'
      '@vitest/browser': '*'
      '@vitest/ui': '*'
      happy-dom: '*'
      jsdom: '*'
    peerDependenciesMeta:
      '@edge-runtime/vm':
        optional: true
      '@vitest/browser':
        optional: true
      '@vitest/ui':
        optional: true
      happy-dom:
        optional: true
      jsdom:
        optional: true
    dependencies:
      '@types/chai': 4.3.4
      '@types/chai-subset': 1.3.3
      '@types/node': 18.11.18
      acorn: 8.8.1
      acorn-walk: 8.2.0
      cac: 6.7.14
      chai: 4.3.7
      debug: 4.3.4
      local-pkg: 0.4.2
      picocolors: 1.0.0
      source-map: 0.6.1
      strip-literal: 1.0.0
      tinybench: 2.3.1
      tinypool: 0.3.0
      tinyspy: 1.0.2
      vite: 4.0.4_ovmyjmuuyckt3r3gpaexj2onji
      vite-node: 0.27.1_ovmyjmuuyckt3r3gpaexj2onji
      why-is-node-running: 2.2.2
    transitivePeerDependencies:
      - less
      - sass
      - stylus
      - sugarss
      - supports-color
      - terser
    dev: true

  /vue-router/4.1.6_vue@3.2.45:
    resolution: {integrity: sha512-DYWYwsG6xNPmLq/FmZn8Ip+qrhFEzA14EI12MsMgVxvHFDYvlr4NXpVF5hrRH1wVcDP8fGi5F4rxuJSl8/r+EQ==}
    peerDependencies:
      vue: ^3.2.0
    dependencies:
      '@vue/devtools-api': 6.4.5
      vue: 3.2.45
    dev: true

  /vue-template-compiler/2.7.14:
    resolution: {integrity: sha512-zyA5Y3ArvVG0NacJDkkzJuPQDF8RFeRlzV2vLeSnhSpieO6LK2OVbdLPi5MPPs09Ii+gMO8nY4S3iKQxBxDmWQ==}
    dependencies:
      de-indent: 1.0.2
      he: 1.2.0
    dev: true

  /vue-tsc/1.0.24_typescript@4.9.4:
    resolution: {integrity: sha512-mmU1s5SAqE1nByQAiQnao9oU4vX+mSdsgI8H57SfKH6UVzq/jP9+Dbi2GaV+0b4Cn361d2ln8m6xeU60ApiEXg==}
    hasBin: true
    peerDependencies:
      typescript: '*'
    dependencies:
      '@volar/vue-language-core': 1.0.24
      '@volar/vue-typescript': 1.0.24
      typescript: 4.9.4
    dev: true

  /vue/3.2.45:
    resolution: {integrity: sha512-9Nx/Mg2b2xWlXykmCwiTUCWHbWIj53bnkizBxKai1g61f2Xit700A1ljowpTIM11e3uipOeiPcSqnmBg6gyiaA==}
    dependencies:
      '@vue/compiler-dom': 3.2.45
      '@vue/compiler-sfc': 3.2.45
      '@vue/runtime-dom': 3.2.45
      '@vue/server-renderer': 3.2.45_vue@3.2.45
      '@vue/shared': 3.2.45
    dev: true

  /why-is-node-running/2.2.2:
    resolution: {integrity: sha512-6tSwToZxTOcotxHeA+qGCq1mVzKR3CwcJGmVcY+QE8SHy6TnpFnh8PAvPNHYr7EcuVeG0QSMxtYCuO1ta/G/oA==}
    engines: {node: '>=8'}
    hasBin: true
    dependencies:
      siginfo: 2.0.0
      stackback: 0.0.2
    dev: true
